{
  "object": {
    "pins": [
      {
        "package": "swift-coding",
        "repositoryURL": "https://github.com/lukeredpath/swift-coding",
        "state": {
          "branch": null,
          "revision": "38860e6255f448b7c6b2e053c0b8fbb679a0aa83",
          "version": null
        }
      }
    ]
  },
  "version": 1
}
